
Microsoft Visual Studio Solution File, Format Version 12.00
# Visual Studio Version 17
VisualStudioVersion = 17.0.32112.339
MinimumVisualStudioVersion = 10.0.40219.1
Project("{FAE04EC0-301F-11D3-BF4B-00C04F79EFBC}") = "ConsoleApp1", "ConsoleApp1\ConsoleApp1.csproj", "{6A5BE6AE-E6E0-45B3-B3A6-0F8772BD2032}"
EndProject
Global
	GlobalSection(SolutionConfigurationPlatforms) = preSolution
		Debug|Any CPU = Debug|Any CPU
		Release|Any CPU = Release|Any CPU
	EndGlobalSection
	GlobalSection(ProjectConfigurationPlatforms) = postSolution
		{6A5BE6AE-E6E0-45B3-B3A6-0F8772BD2032}.Debug|Any CPU.ActiveCfg = Debug|Any CPU
		{6A5BE6AE-E6E0-45B3-B3A6-0F8772BD2032}.Debug|Any CPU.Build.0 = Debug|Any CPU
		{6A5BE6AE-E6E0-45B3-B3A6-0F8772BD2032}.Release|Any CPU.ActiveCfg = Release|Any CPU
		{6A5BE6AE-E6E0-45B3-B3A6-0F8772BD2032}.Release|Any CPU.Build.0 = Release|Any CPU
	EndGlobalSection
	GlobalSection(SolutionProperties) = preSolution
		HideSolutionNode = FALSE
	EndGlobalSection
	GlobalSection(ExtensibilityGlobals) = postSolution
		SolutionGuid = {A7C4D5F6-F0CE-4B9E-BB4C-89F95357FED4}
	EndGlobalSection
EndGlobal
