
Microsoft Visual Studio Solution File, Format Version 12.00
# Visual Studio Version 17
VisualStudioVersion = 17.0.32112.339
MinimumVisualStudioVersion = 10.0.40219.1
Project("{FAE04EC0-301F-11D3-BF4B-00C04F79EFBC}") = "ConsoleApp1", "ConsoleApp1\ConsoleApp1.csproj", "{ABB9511D-660F-492E-A16E-438F81058685}"
EndProject
Global
	GlobalSection(SolutionConfigurationPlatforms) = preSolution
		Debug|Any CPU = Debug|Any CPU
		Release|Any CPU = Release|Any CPU
	EndGlobalSection
	GlobalSection(ProjectConfigurationPlatforms) = postSolution
		{ABB9511D-660F-492E-A16E-438F81058685}.Debug|Any CPU.ActiveCfg = Debug|Any CPU
		{ABB9511D-660F-492E-A16E-438F81058685}.Debug|Any CPU.Build.0 = Debug|Any CPU
		{ABB9511D-660F-492E-A16E-438F81058685}.Release|Any CPU.ActiveCfg = Release|Any CPU
		{ABB9511D-660F-492E-A16E-438F81058685}.Release|Any CPU.Build.0 = Release|Any CPU
	EndGlobalSection
	GlobalSection(SolutionProperties) = preSolution
		HideSolutionNode = FALSE
	EndGlobalSection
	GlobalSection(ExtensibilityGlobals) = postSolution
		SolutionGuid = {88A09739-C13E-4D9D-B07A-DB746B59E90F}
	EndGlobalSection
EndGlobal
